
Microsoft Visual Studio Solution File, Format Version 12.00
# Visual Studio Version 17
VisualStudioVersion = 17.4.33205.214
MinimumVisualStudioVersion = 10.0.40219.1
Project("{FAE04EC0-301F-11D3-BF4B-00C04F79EFBC}") = "UAS_004", "UAS_004\UAS_004.csproj", "{7D0F505F-BC78-495D-8D2B-A1D72780B502}"
EndProject
Global
	GlobalSection(SolutionConfigurationPlatforms) = preSolution
		Debug|Any CPU = Debug|Any CPU
		Release|Any CPU = Release|Any CPU
	EndGlobalSection
	GlobalSection(ProjectConfigurationPlatforms) = postSolution
		{7D0F505F-BC78-495D-8D2B-A1D72780B502}.Debug|Any CPU.ActiveCfg = Debug|Any CPU
		{7D0F505F-BC78-495D-8D2B-A1D72780B502}.Debug|Any CPU.Build.0 = Debug|Any CPU
		{7D0F505F-BC78-495D-8D2B-A1D72780B502}.Release|Any CPU.ActiveCfg = Release|Any CPU
		{7D0F505F-BC78-495D-8D2B-A1D72780B502}.Release|Any CPU.Build.0 = Release|Any CPU
	EndGlobalSection
	GlobalSection(SolutionProperties) = preSolution
		HideSolutionNode = FALSE
	EndGlobalSection
	GlobalSection(ExtensibilityGlobals) = postSolution
		SolutionGuid = {CCBDEECB-3FF5-4804-A6C5-8AE757C37179}
	EndGlobalSection
EndGlobal
